{
    "_readme": [
        "This file locks the dependencies of your project to a known state",
        "Read more about it at https://getcomposer.org/doc/01-basic-usage.md#composer-lock-the-lock-file",
        "This file is @generated automatically"
    ],
    "hash": "4aa59e99578e44be8fde9c2487cfcc6e",
    "packages": [
        {
            "name": "bragento/magento-composer-installer",
            "version": "1.1.1",
            "source": {
                "type": "git",
                "url": "https://github.com/bragento/bragento-composer-installer.git",
                "reference": "e185d188425238a2d078bd79f9116a3926a75673"
            },
            "dist": {
                "type": "zip",
                "url": "https://api.github.com/repos/bragento/bragento-composer-installer/zipball/e185d188425238a2d078bd79f9116a3926a75673",
                "reference": "e185d188425238a2d078bd79f9116a3926a75673",
                "shasum": ""
            },
            "require": {
                "composer-plugin-api": "~1",
                "symfony/filesystem": "~2"
            },
            "replace": {
                "magento-hackathon/magento-composer-installer": "*"
            },
            "require-dev": {
                "codeclimate/php-test-reporter": "*",
                "composer/composer": "*@dev",
                "mikey179/vfsstream": "*",
                "phpunit/phpunit": "*"
            },
            "type": "composer-plugin",
            "extra": {
                "class": "Bragento\\Magento\\Composer\\Installer\\Plugin",
                "branch-alias": {
                    "dev-develop": "1.2.x-dev"
                }
            },
            "autoload": {
                "psr-4": {
                    "Bragento\\Magento\\Composer\\Installer\\": "src"
                }
            },
            "notification-url": "https://packagist.org/downloads/",
            "license": [
                "OSL-3.0"
            ],
            "authors": [
                {
                    "name": "David Verholen",
                    "email": "david.verholen@brandung.de",
                    "homepage": "http://www.agentur-brandung.de"
                }
            ],
            "description": "Composer installer for Magento modules",
            "homepage": "https://github.com/bragento/bragento-composer-installer",
            "keywords": [
                "bragento",
                "brandung",
                "composer",
                "installer",
                "magento"
            ],
            "time": "2015-02-28 14:42:03"
        },
        {
            "name": "magento/core",
            "version": "1.9.1.1-patch2",
            "source": {
                "type": "git",
                "url": "https://github.com/bragento/magento-core.git",
                "reference": "a2b36a69d95ecf32a0abd19c28edf45fe563c7d0"
            },
            "dist": {
                "type": "zip",
                "url": "https://api.github.com/repos/bragento/magento-core/zipball/a2b36a69d95ecf32a0abd19c28edf45fe563c7d0",
                "reference": "a2b36a69d95ecf32a0abd19c28edf45fe563c7d0",
                "shasum": ""
            },
            "type": "magento-core",
            "extra": {
                "map": [
                    [
                        "app",
                        "app"
                    ],
                    [
                        "downloader",
                        "downloader"
                    ],
                    [
                        "errors",
                        "errors"
                    ],
                    [
                        "includes",
                        "includes"
                    ],
                    [
                        "js",
                        "js"
                    ],
                    [
                        "lib",
                        "lib"
                    ],
                    [
                        "media",
                        "media"
                    ],
                    [
                        "pkginfo",
                        "pkginfo"
                    ],
                    [
                        "shell",
                        "shell"
                    ],
                    [
                        "skin",
                        "skin"
                    ],
                    [
                        "var",
                        "var"
                    ],
                    [
                        ".htaccess",
                        ".htaccess"
                    ],
                    [
                        "api.php",
                        "api.php"
                    ],
                    [
                        "cron.php",
                        "cron.php"
                    ],
                    [
                        "cron.sh",
                        "cron.sh"
                    ],
                    [
                        "favicon.ico",
                        "favicon.ico"
                    ],
                    [
                        "get.php",
                        "get.php"
                    ],
                    [
                        "index.php",
                        "index.php"
                    ],
                    [
                        "install.php",
                        "install.php"
                    ],
                    [
                        "mage",
                        "mage"
                    ],
                    [
                        "LICENSE.html",
                        "LICENSE.html"
                    ]
                ]
            },
            "license": [
                "OSL-3.0"
            ],
            "description": "Magento Core",
            "homepage": "http://www.magentocommerce.com",
            "support": {
                "source": "https://github.com/bragento/magento-core/tree/1.9.1.1-patch2",
                "issues": "https://github.com/bragento/magento-core/issues"
            },
            "time": "2015-05-27 19:38:39"
        },
        {
            "name": "symfony/filesystem",
            "version": "v2.7.1",
            "source": {
                "type": "git",
                "url": "https://github.com/symfony/Filesystem.git",
                "reference": "a0d43eb3e17d4f4c6990289805a488a0482a07f3"
            },
            "dist": {
                "type": "zip",
                "url": "https://api.github.com/repos/symfony/Filesystem/zipball/a0d43eb3e17d4f4c6990289805a488a0482a07f3",
                "reference": "a0d43eb3e17d4f4c6990289805a488a0482a07f3",
                "shasum": ""
            },
            "require": {
                "php": ">=5.3.9"
            },
            "require-dev": {
                "symfony/phpunit-bridge": "~2.7"
            },
            "type": "library",
            "extra": {
                "branch-alias": {
                    "dev-master": "2.7-dev"
                }
            },
            "autoload": {
                "psr-4": {
                    "Symfony\\Component\\Filesystem\\": ""
                }
            },
            "notification-url": "https://packagist.org/downloads/",
            "license": [
                "MIT"
            ],
            "authors": [
                {
                    "name": "Fabien Potencier",
                    "email": "fabien@symfony.com"
                },
                {
                    "name": "Symfony Community",
                    "homepage": "https://symfony.com/contributors"
                }
            ],
            "description": "Symfony Filesystem Component",
            "homepage": "https://symfony.com",
            "time": "2015-06-08 09:37:21"
        },
        {
            "name": "zhibek/magento-scriptable-config",
            "version": "dev-master",
            "source": {
                "type": "git",
                "url": "https://github.com/zhibek/magento-scriptable-config.git",
                "reference": "f5b393671610281d5df57818304e106ad69e2d64"
            },
            "require": {
                "magento-hackathon/magento-composer-installer": "*",
                "magento/core": "*"
            },
            "bin": [
                "app/code/community/Zhibek/Migration/shell/cacheclear.sh",
                "app/code/community/Zhibek/Migration/shell/install.sh",
                "app/code/community/Zhibek/Migration/shell/migrate.sh"
            ],
            "type": "magento-module",
            "license": [
                "GPL-2.0"
            ],
            "authors": [
                {
                    "name": "John Levermore",
                    "email": "john.levermore@zhibek.com"
                }
            ],
            "time": "2015-06-29 09:48:30"
        }
    ],
    "packages-dev": [],
    "aliases": [],
    "minimum-stability": "stable",
    "stability-flags": {
        "zhibek/magento-scriptable-config": 20
    },
    "prefer-stable": false,
    "prefer-lowest": false,
    "platform": [],
    "platform-dev": []
}
